
Microsoft Visual Studio Solution File, Format Version 12.00
# Visual Studio Version 17
VisualStudioVersion = 17.10.35004.147
MinimumVisualStudioVersion = 10.0.40219.1
Project("{FAE04EC0-301F-11D3-BF4B-00C04F79EFBC}") = "Online_Shopping", "Online_Shopping\Online_Shopping.csproj", "{960CE517-8B0D-4A25-A572-283F516305CE}"
EndProject
Global
	GlobalSection(SolutionConfigurationPlatforms) = preSolution
		Debug|Any CPU = Debug|Any CPU
		Release|Any CPU = Release|Any CPU
	EndGlobalSection
	GlobalSection(ProjectConfigurationPlatforms) = postSolution
		{960CE517-8B0D-4A25-A572-283F516305CE}.Debug|Any CPU.ActiveCfg = Debug|Any CPU
		{960CE517-8B0D-4A25-A572-283F516305CE}.Debug|Any CPU.Build.0 = Debug|Any CPU
		{960CE517-8B0D-4A25-A572-283F516305CE}.Release|Any CPU.ActiveCfg = Release|Any CPU
		{960CE517-8B0D-4A25-A572-283F516305CE}.Release|Any CPU.Build.0 = Release|Any CPU
	EndGlobalSection
	GlobalSection(SolutionProperties) = preSolution
		HideSolutionNode = FALSE
	EndGlobalSection
	GlobalSection(ExtensibilityGlobals) = postSolution
		SolutionGuid = {7C6B5BB3-A85E-4A52-BADB-6636300DF3B9}
	EndGlobalSection
EndGlobal
